
Microsoft Visual Studio Solution File, Format Version 12.00
# Visual Studio 15
VisualStudioVersion = 15.0.27703.2042
MinimumVisualStudioVersion = 10.0.40219.1
Project("{FAE04EC0-301F-11D3-BF4B-00C04F79EFBC}") = "prac_module08", "prac_module08\prac_module08.csproj", "{534D1E0A-4E74-4D0A-A24A-26E03280F0B5}"
EndProject
Global
	GlobalSection(SolutionConfigurationPlatforms) = preSolution
		Debug|Any CPU = Debug|Any CPU
		Release|Any CPU = Release|Any CPU
	EndGlobalSection
	GlobalSection(ProjectConfigurationPlatforms) = postSolution
		{534D1E0A-4E74-4D0A-A24A-26E03280F0B5}.Debug|Any CPU.ActiveCfg = Debug|Any CPU
		{534D1E0A-4E74-4D0A-A24A-26E03280F0B5}.Debug|Any CPU.Build.0 = Debug|Any CPU
		{534D1E0A-4E74-4D0A-A24A-26E03280F0B5}.Release|Any CPU.ActiveCfg = Release|Any CPU
		{534D1E0A-4E74-4D0A-A24A-26E03280F0B5}.Release|Any CPU.Build.0 = Release|Any CPU
	EndGlobalSection
	GlobalSection(SolutionProperties) = preSolution
		HideSolutionNode = FALSE
	EndGlobalSection
	GlobalSection(ExtensibilityGlobals) = postSolution
		SolutionGuid = {C3E57DA2-5305-4596-BC03-7DE65FCA9CC9}
	EndGlobalSection
EndGlobal
